
Microsoft Visual Studio Solution File, Format Version 12.00
# Visual Studio Version 16
VisualStudioVersion = 16.0.31112.23
MinimumVisualStudioVersion = 10.0.40219.1
Project("{9A19103F-16F7-4668-BE54-9A1E7A4F7556}") = "RealCalculator", "RealCalculator\RealCalculator.csproj", "{082961F6-9D54-4E6C-A357-2F29AD9B5168}"
EndProject
Project("{9A19103F-16F7-4668-BE54-9A1E7A4F7556}") = "AverageNumber", "AverageNumber\AverageNumber.csproj", "{FD46D5CE-502F-4F2A-A926-D4A68FE27894}"
EndProject
Project("{9A19103F-16F7-4668-BE54-9A1E7A4F7556}") = "SwapNumbers", "SwapNumbers\SwapNumbers.csproj", "{194D9BC4-CB8A-4D78-B5F9-84798BA8D69C}"
EndProject
Project("{FAE04EC0-301F-11D3-BF4B-00C04F79EFBC}") = "FindStatistics", "FindStatistics\FindStatistics.csproj", "{33BF719C-7CCA-46D9-95E3-83C4B3D0DE86}"
EndProject
Project("{FAE04EC0-301F-11D3-BF4B-00C04F79EFBC}") = "userInput", "userInput\userInput.csproj", "{E8BB594B-1EDF-4753-87B2-4FDB2E15FAB2}"
EndProject
Global
	GlobalSection(SolutionConfigurationPlatforms) = preSolution
		Debug|Any CPU = Debug|Any CPU
		Release|Any CPU = Release|Any CPU
	EndGlobalSection
	GlobalSection(ProjectConfigurationPlatforms) = postSolution
		{082961F6-9D54-4E6C-A357-2F29AD9B5168}.Debug|Any CPU.ActiveCfg = Debug|Any CPU
		{082961F6-9D54-4E6C-A357-2F29AD9B5168}.Debug|Any CPU.Build.0 = Debug|Any CPU
		{082961F6-9D54-4E6C-A357-2F29AD9B5168}.Release|Any CPU.ActiveCfg = Release|Any CPU
		{082961F6-9D54-4E6C-A357-2F29AD9B5168}.Release|Any CPU.Build.0 = Release|Any CPU
		{FD46D5CE-502F-4F2A-A926-D4A68FE27894}.Debug|Any CPU.ActiveCfg = Debug|Any CPU
		{FD46D5CE-502F-4F2A-A926-D4A68FE27894}.Debug|Any CPU.Build.0 = Debug|Any CPU
		{FD46D5CE-502F-4F2A-A926-D4A68FE27894}.Release|Any CPU.ActiveCfg = Release|Any CPU
		{FD46D5CE-502F-4F2A-A926-D4A68FE27894}.Release|Any CPU.Build.0 = Release|Any CPU
		{194D9BC4-CB8A-4D78-B5F9-84798BA8D69C}.Debug|Any CPU.ActiveCfg = Debug|Any CPU
		{194D9BC4-CB8A-4D78-B5F9-84798BA8D69C}.Debug|Any CPU.Build.0 = Debug|Any CPU
		{194D9BC4-CB8A-4D78-B5F9-84798BA8D69C}.Release|Any CPU.ActiveCfg = Release|Any CPU
		{194D9BC4-CB8A-4D78-B5F9-84798BA8D69C}.Release|Any CPU.Build.0 = Release|Any CPU
		{33BF719C-7CCA-46D9-95E3-83C4B3D0DE86}.Debug|Any CPU.ActiveCfg = Debug|Any CPU
		{33BF719C-7CCA-46D9-95E3-83C4B3D0DE86}.Debug|Any CPU.Build.0 = Debug|Any CPU
		{33BF719C-7CCA-46D9-95E3-83C4B3D0DE86}.Release|Any CPU.ActiveCfg = Release|Any CPU
		{33BF719C-7CCA-46D9-95E3-83C4B3D0DE86}.Release|Any CPU.Build.0 = Release|Any CPU
		{E8BB594B-1EDF-4753-87B2-4FDB2E15FAB2}.Debug|Any CPU.ActiveCfg = Debug|Any CPU
		{E8BB594B-1EDF-4753-87B2-4FDB2E15FAB2}.Debug|Any CPU.Build.0 = Debug|Any CPU
		{E8BB594B-1EDF-4753-87B2-4FDB2E15FAB2}.Release|Any CPU.ActiveCfg = Release|Any CPU
		{E8BB594B-1EDF-4753-87B2-4FDB2E15FAB2}.Release|Any CPU.Build.0 = Release|Any CPU
	EndGlobalSection
	GlobalSection(SolutionProperties) = preSolution
		HideSolutionNode = FALSE
	EndGlobalSection
	GlobalSection(ExtensibilityGlobals) = postSolution
		SolutionGuid = {4FCE51BD-DF20-45CC-93EC-7F49374638BD}
	EndGlobalSection
EndGlobal
