
Microsoft Visual Studio Solution File, Format Version 12.00
# Visual Studio Version 16
VisualStudioVersion = 16.0.31112.23
MinimumVisualStudioVersion = 10.0.40219.1
Project("{FAE04EC0-301F-11D3-BF4B-00C04F79EFBC}") = "RealCalculator", "RealCalculator\RealCalculator.csproj", "{FA1B1674-2C66-4B1A-8140-DF6C2B684555}"
EndProject
Project("{FAE04EC0-301F-11D3-BF4B-00C04F79EFBC}") = "AverageNumber", "AverageNumber\AverageNumber.csproj", "{F086B7F1-1226-4A05-B5EF-711E657C1B0F}"
EndProject
Project("{FAE04EC0-301F-11D3-BF4B-00C04F79EFBC}") = "SwapNumbers", "SwapNumbers\SwapNumbers.csproj", "{9CA0A0AA-4A5C-4CE8-B837-1F5F78FA748F}"
EndProject
Project("{FAE04EC0-301F-11D3-BF4B-00C04F79EFBC}") = "FindStatistics", "FindStatistics\FindStatistics.csproj", "{7AB27427-BDD2-4955-85E0-231C0AFF9F29}"
EndProject
Project("{FAE04EC0-301F-11D3-BF4B-00C04F79EFBC}") = "Task 5", "Task 5\Task 5.csproj", "{38311ECC-B639-4B85-B906-6D0C5EE5E453}"
EndProject
Global
	GlobalSection(SolutionConfigurationPlatforms) = preSolution
		Debug|Any CPU = Debug|Any CPU
		Release|Any CPU = Release|Any CPU
	EndGlobalSection
	GlobalSection(ProjectConfigurationPlatforms) = postSolution
		{FA1B1674-2C66-4B1A-8140-DF6C2B684555}.Debug|Any CPU.ActiveCfg = Debug|Any CPU
		{FA1B1674-2C66-4B1A-8140-DF6C2B684555}.Debug|Any CPU.Build.0 = Debug|Any CPU
		{FA1B1674-2C66-4B1A-8140-DF6C2B684555}.Release|Any CPU.ActiveCfg = Release|Any CPU
		{FA1B1674-2C66-4B1A-8140-DF6C2B684555}.Release|Any CPU.Build.0 = Release|Any CPU
		{F086B7F1-1226-4A05-B5EF-711E657C1B0F}.Debug|Any CPU.ActiveCfg = Debug|Any CPU
		{F086B7F1-1226-4A05-B5EF-711E657C1B0F}.Debug|Any CPU.Build.0 = Debug|Any CPU
		{F086B7F1-1226-4A05-B5EF-711E657C1B0F}.Release|Any CPU.ActiveCfg = Release|Any CPU
		{F086B7F1-1226-4A05-B5EF-711E657C1B0F}.Release|Any CPU.Build.0 = Release|Any CPU
		{9CA0A0AA-4A5C-4CE8-B837-1F5F78FA748F}.Debug|Any CPU.ActiveCfg = Debug|Any CPU
		{9CA0A0AA-4A5C-4CE8-B837-1F5F78FA748F}.Debug|Any CPU.Build.0 = Debug|Any CPU
		{9CA0A0AA-4A5C-4CE8-B837-1F5F78FA748F}.Release|Any CPU.ActiveCfg = Release|Any CPU
		{9CA0A0AA-4A5C-4CE8-B837-1F5F78FA748F}.Release|Any CPU.Build.0 = Release|Any CPU
		{7AB27427-BDD2-4955-85E0-231C0AFF9F29}.Debug|Any CPU.ActiveCfg = Debug|Any CPU
		{7AB27427-BDD2-4955-85E0-231C0AFF9F29}.Debug|Any CPU.Build.0 = Debug|Any CPU
		{7AB27427-BDD2-4955-85E0-231C0AFF9F29}.Release|Any CPU.ActiveCfg = Release|Any CPU
		{7AB27427-BDD2-4955-85E0-231C0AFF9F29}.Release|Any CPU.Build.0 = Release|Any CPU
		{38311ECC-B639-4B85-B906-6D0C5EE5E453}.Debug|Any CPU.ActiveCfg = Debug|Any CPU
		{38311ECC-B639-4B85-B906-6D0C5EE5E453}.Debug|Any CPU.Build.0 = Debug|Any CPU
		{38311ECC-B639-4B85-B906-6D0C5EE5E453}.Release|Any CPU.ActiveCfg = Release|Any CPU
		{38311ECC-B639-4B85-B906-6D0C5EE5E453}.Release|Any CPU.Build.0 = Release|Any CPU
	EndGlobalSection
	GlobalSection(SolutionProperties) = preSolution
		HideSolutionNode = FALSE
	EndGlobalSection
	GlobalSection(ExtensibilityGlobals) = postSolution
		SolutionGuid = {86E34E90-A9A0-48C8-8877-A8AE81581D00}
	EndGlobalSection
EndGlobal
